
Microsoft Visual Studio Solution File, Format Version 12.00
# Visual Studio 14
VisualStudioVersion = 14.0.25420.1
MinimumVisualStudioVersion = 10.0.40219.1
Project("{151D2E53-A2C4-4D7D-83FE-D05416EBD58E}") = "1-SingleVM", "1-SingleVM\1-SingleVM.deployproj", "{DCE197D3-5BF5-4AEC-A7B2-7CC74E762B23}"
EndProject
Project("{151D2E53-A2C4-4D7D-83FE-D05416EBD58E}") = "0-Common", "0-Common\0-Common.deployproj", "{4A7FBEF0-234C-4D0E-A021-697514EAD580}"
EndProject
Project("{151D2E53-A2C4-4D7D-83FE-D05416EBD58E}") = "2-MultiVM", "2-MultiVM\2-MultiVM.deployproj", "{B0FBB1AE-2878-430D-AD78-8092DA069E85}"
EndProject
Project("{151D2E53-A2C4-4D7D-83FE-D05416EBD58E}") = "3-nTier", "3-nTier\3-nTier.deployproj", "{B7E7A71E-C73D-4A99-B6C2-2402CF24C7FE}"
EndProject
Project("{151D2E53-A2C4-4D7D-83FE-D05416EBD58E}") = "4-VirtualDatacenter", "4-VirtualDatacenter\4-VirtualDatacenter.deployproj", "{4D6261FE-BCFC-436F-AB26-26E9D58C7C2C}"
EndProject
Project("{151D2E53-A2C4-4D7D-83FE-D05416EBD58E}") = "5-HybridNetwork", "5-HybirdNetwork\5-HybridNetwork.deployproj", "{B1B5773E-98AB-48FA-AF9A-7C03076B6304}"
EndProject
Project("{2150E333-8FDC-42A3-9474-1A3956D46DE8}") = "Solution Items", "Solution Items", "{4CF46576-0A18-4F36-A5BC-64CE867B362E}"
	ProjectSection(SolutionItems) = preProject
		SampleApplication\Source\FabrikamFiber.CallCenter.sln = SampleApplication\Source\FabrikamFiber.CallCenter.sln
	EndProjectSection
EndProject
Global
	GlobalSection(SolutionConfigurationPlatforms) = preSolution
		Debug|Any CPU = Debug|Any CPU
		Release|Any CPU = Release|Any CPU
	EndGlobalSection
	GlobalSection(ProjectConfigurationPlatforms) = postSolution
		{DCE197D3-5BF5-4AEC-A7B2-7CC74E762B23}.Debug|Any CPU.ActiveCfg = Debug|Any CPU
		{DCE197D3-5BF5-4AEC-A7B2-7CC74E762B23}.Debug|Any CPU.Build.0 = Debug|Any CPU
		{DCE197D3-5BF5-4AEC-A7B2-7CC74E762B23}.Release|Any CPU.ActiveCfg = Release|Any CPU
		{DCE197D3-5BF5-4AEC-A7B2-7CC74E762B23}.Release|Any CPU.Build.0 = Release|Any CPU
		{4A7FBEF0-234C-4D0E-A021-697514EAD580}.Debug|Any CPU.ActiveCfg = Debug|Any CPU
		{4A7FBEF0-234C-4D0E-A021-697514EAD580}.Debug|Any CPU.Build.0 = Debug|Any CPU
		{4A7FBEF0-234C-4D0E-A021-697514EAD580}.Debug|Any CPU.Deploy.0 = Debug|Any CPU
		{4A7FBEF0-234C-4D0E-A021-697514EAD580}.Release|Any CPU.ActiveCfg = Release|Any CPU
		{4A7FBEF0-234C-4D0E-A021-697514EAD580}.Release|Any CPU.Build.0 = Release|Any CPU
		{B0FBB1AE-2878-430D-AD78-8092DA069E85}.Debug|Any CPU.ActiveCfg = Debug|Any CPU
		{B0FBB1AE-2878-430D-AD78-8092DA069E85}.Debug|Any CPU.Build.0 = Debug|Any CPU
		{B0FBB1AE-2878-430D-AD78-8092DA069E85}.Release|Any CPU.ActiveCfg = Release|Any CPU
		{B0FBB1AE-2878-430D-AD78-8092DA069E85}.Release|Any CPU.Build.0 = Release|Any CPU
		{B7E7A71E-C73D-4A99-B6C2-2402CF24C7FE}.Debug|Any CPU.ActiveCfg = Debug|Any CPU
		{B7E7A71E-C73D-4A99-B6C2-2402CF24C7FE}.Debug|Any CPU.Build.0 = Debug|Any CPU
		{B7E7A71E-C73D-4A99-B6C2-2402CF24C7FE}.Release|Any CPU.ActiveCfg = Release|Any CPU
		{B7E7A71E-C73D-4A99-B6C2-2402CF24C7FE}.Release|Any CPU.Build.0 = Release|Any CPU
		{4D6261FE-BCFC-436F-AB26-26E9D58C7C2C}.Debug|Any CPU.ActiveCfg = Debug|Any CPU
		{4D6261FE-BCFC-436F-AB26-26E9D58C7C2C}.Debug|Any CPU.Build.0 = Debug|Any CPU
		{4D6261FE-BCFC-436F-AB26-26E9D58C7C2C}.Release|Any CPU.ActiveCfg = Release|Any CPU
		{4D6261FE-BCFC-436F-AB26-26E9D58C7C2C}.Release|Any CPU.Build.0 = Release|Any CPU
		{B1B5773E-98AB-48FA-AF9A-7C03076B6304}.Debug|Any CPU.ActiveCfg = Debug|Any CPU
		{B1B5773E-98AB-48FA-AF9A-7C03076B6304}.Debug|Any CPU.Build.0 = Debug|Any CPU
		{B1B5773E-98AB-48FA-AF9A-7C03076B6304}.Release|Any CPU.ActiveCfg = Release|Any CPU
		{B1B5773E-98AB-48FA-AF9A-7C03076B6304}.Release|Any CPU.Build.0 = Release|Any CPU
	EndGlobalSection
	GlobalSection(SolutionProperties) = preSolution
		HideSolutionNode = FALSE
	EndGlobalSection
EndGlobal
